
Microsoft Visual Studio Solution File, Format Version 12.00
# Visual Studio Version 17
VisualStudioVersion = 17.14.37314.3 d17.14
MinimumVisualStudioVersion = 10.0.40219.1
Project("{FAE04EC0-301F-11D3-BF4B-00C04F79EFBC}") = "CyberGuardianSA_Part3", "CyberGuardian_Part3\CyberGuardianSA_Part3.csproj", "{C5E6ABAB-9B75-45DB-B3DE-E34CF15581C2}"
EndProject
Global
	GlobalSection(SolutionConfigurationPlatforms) = preSolution
		Debug|Any CPU = Debug|Any CPU
		Release|Any CPU = Release|Any CPU
	EndGlobalSection
	GlobalSection(ProjectConfigurationPlatforms) = postSolution
		{C5E6ABAB-9B75-45DB-B3DE-E34CF15581C2}.Debug|Any CPU.ActiveCfg = Debug|Any CPU
		{C5E6ABAB-9B75-45DB-B3DE-E34CF15581C2}.Debug|Any CPU.Build.0 = Debug|Any CPU
		{C5E6ABAB-9B75-45DB-B3DE-E34CF15581C2}.Release|Any CPU.ActiveCfg = Release|Any CPU
		{C5E6ABAB-9B75-45DB-B3DE-E34CF15581C2}.Release|Any CPU.Build.0 = Release|Any CPU
	EndGlobalSection
	GlobalSection(SolutionProperties) = preSolution
		HideSolutionNode = FALSE
	EndGlobalSection
	GlobalSection(ExtensibilityGlobals) = postSolution
		SolutionGuid = {EB7527A0-D5E1-43EC-A5BD-0E29AF3C76B2}
	EndGlobalSection
EndGlobal
